
Microsoft Visual Studio Solution File, Format Version 12.00
Project("{F2A71F9B-5D33-465A-A702-920D77279786}") = "AdventOfCode", "AdventOfCode\AdventOfCode.fsproj", "{11C0ED9C-542C-4878-8BE2-4216D3E0B220}"
EndProject
Project("{F2A71F9B-5D33-465A-A702-920D77279786}") = "Test", "Test\Test.fsproj", "{8699EFED-DD92-4A04-9B75-724E6464BACF}"
EndProject
Global
	GlobalSection(SolutionConfigurationPlatforms) = preSolution
		Debug|Any CPU = Debug|Any CPU
		Release|Any CPU = Release|Any CPU
	EndGlobalSection
	GlobalSection(ProjectConfigurationPlatforms) = postSolution
		{11C0ED9C-542C-4878-8BE2-4216D3E0B220}.Debug|Any CPU.ActiveCfg = Debug|Any CPU
		{11C0ED9C-542C-4878-8BE2-4216D3E0B220}.Debug|Any CPU.Build.0 = Debug|Any CPU
		{11C0ED9C-542C-4878-8BE2-4216D3E0B220}.Release|Any CPU.ActiveCfg = Release|Any CPU
		{11C0ED9C-542C-4878-8BE2-4216D3E0B220}.Release|Any CPU.Build.0 = Release|Any CPU
		{8699EFED-DD92-4A04-9B75-724E6464BACF}.Debug|Any CPU.ActiveCfg = Debug|Any CPU
		{8699EFED-DD92-4A04-9B75-724E6464BACF}.Debug|Any CPU.Build.0 = Debug|Any CPU
		{8699EFED-DD92-4A04-9B75-724E6464BACF}.Release|Any CPU.ActiveCfg = Release|Any CPU
		{8699EFED-DD92-4A04-9B75-724E6464BACF}.Release|Any CPU.Build.0 = Release|Any CPU
	EndGlobalSection
EndGlobal
